// !$*UTF8*$!
{
	archiveVersion = 1;
	classes = {
	};
	objectVersion = 56;
	objects = {

/* Begin PBXBuildFile section */
		930DB4412B94CC020077FD55 /* LocationManager.swift in Sources */ = {isa = PBXBuildFile; fileRef = 930DB4402B94CC020077FD55 /* LocationManager.swift */; };
		930DB4422B94CC020077FD55 /* LocationManager.swift in Sources */ = {isa = PBXBuildFile; fileRef = 930DB4402B94CC020077FD55 /* LocationManager.swift */; };
		930DB4432B94CC020077FD55 /* LocationManager.swift in Sources */ = {isa = PBXBuildFile; fileRef = 930DB4402B94CC020077FD55 /* LocationManager.swift */; };
		9312E72D2B92C12200BBFC9B /* SnapshotTesting in Frameworks */ = {isa = PBXBuildFile; productRef = 9312E72C2B92C12200BBFC9B /* SnapshotTesting */; };
		9312E72F2B92C37000BBFC9B /* FormView.swift in Sources */ = {isa = PBXBuildFile; fileRef = 9312E72E2B92C37000BBFC9B /* FormView.swift */; };
		9312E7302B92C37000BBFC9B /* FormView.swift in Sources */ = {isa = PBXBuildFile; fileRef = 9312E72E2B92C37000BBFC9B /* FormView.swift */; };
		9312E7312B92C37000BBFC9B /* FormView.swift in Sources */ = {isa = PBXBuildFile; fileRef = 9312E72E2B92C37000BBFC9B /* FormView.swift */; };
		9312E7332B92C39A00BBFC9B /* AddIssueView.swift in Sources */ = {isa = PBXBuildFile; fileRef = 9312E7322B92C39A00BBFC9B /* AddIssueView.swift */; };
		9312E7342B92C39A00BBFC9B /* AddIssueView.swift in Sources */ = {isa = PBXBuildFile; fileRef = 9312E7322B92C39A00BBFC9B /* AddIssueView.swift */; };
		9312E7352B92C39A00BBFC9B /* AddIssueView.swift in Sources */ = {isa = PBXBuildFile; fileRef = 9312E7322B92C39A00BBFC9B /* AddIssueView.swift */; };
		9312E7372B93569800BBFC9B /* LoadingView.swift in Sources */ = {isa = PBXBuildFile; fileRef = 9312E7362B93569800BBFC9B /* LoadingView.swift */; };
		9312E7382B93569800BBFC9B /* LoadingView.swift in Sources */ = {isa = PBXBuildFile; fileRef = 9312E7362B93569800BBFC9B /* LoadingView.swift */; };
		9312E7392B93569800BBFC9B /* LoadingView.swift in Sources */ = {isa = PBXBuildFile; fileRef = 9312E7362B93569800BBFC9B /* LoadingView.swift */; };
		934905992B8E582D00E1F5AD /* MapView.swift in Sources */ = {isa = PBXBuildFile; fileRef = 934905982B8E582D00E1F5AD /* MapView.swift */; };
		9349059A2B8E582D00E1F5AD /* MapView.swift in Sources */ = {isa = PBXBuildFile; fileRef = 934905982B8E582D00E1F5AD /* MapView.swift */; };
		9349059B2B8E582D00E1F5AD /* MapView.swift in Sources */ = {isa = PBXBuildFile; fileRef = 934905982B8E582D00E1F5AD /* MapView.swift */; };
		9349059E2B8E59CA00E1F5AD /* CardView.swift in Sources */ = {isa = PBXBuildFile; fileRef = 9349059D2B8E59CA00E1F5AD /* CardView.swift */; };
		9349059F2B8E59CA00E1F5AD /* CardView.swift in Sources */ = {isa = PBXBuildFile; fileRef = 9349059D2B8E59CA00E1F5AD /* CardView.swift */; };
		934905A02B8E59CA00E1F5AD /* CardView.swift in Sources */ = {isa = PBXBuildFile; fileRef = 9349059D2B8E59CA00E1F5AD /* CardView.swift */; };
		934905A22B8E5D8D00E1F5AD /* TripModel.swift in Sources */ = {isa = PBXBuildFile; fileRef = 934905A12B8E5D8D00E1F5AD /* TripModel.swift */; };
		934905A32B8E5D8D00E1F5AD /* TripModel.swift in Sources */ = {isa = PBXBuildFile; fileRef = 934905A12B8E5D8D00E1F5AD /* TripModel.swift */; };
		934905A42B8E5D8D00E1F5AD /* TripModel.swift in Sources */ = {isa = PBXBuildFile; fileRef = 934905A12B8E5D8D00E1F5AD /* TripModel.swift */; };
		934905A62B8E5F9000E1F5AD /* LocationModel.swift in Sources */ = {isa = PBXBuildFile; fileRef = 934905A52B8E5F9000E1F5AD /* LocationModel.swift */; };
		934905A72B8E5F9000E1F5AD /* LocationModel.swift in Sources */ = {isa = PBXBuildFile; fileRef = 934905A52B8E5F9000E1F5AD /* LocationModel.swift */; };
		934905A82B8E5F9000E1F5AD /* LocationModel.swift in Sources */ = {isa = PBXBuildFile; fileRef = 934905A52B8E5F9000E1F5AD /* LocationModel.swift */; };
		934905AA2B8E609000E1F5AD /* StopModel.swift in Sources */ = {isa = PBXBuildFile; fileRef = 934905A92B8E609000E1F5AD /* StopModel.swift */; };
		934905AB2B8E609000E1F5AD /* StopModel.swift in Sources */ = {isa = PBXBuildFile; fileRef = 934905A92B8E609000E1F5AD /* StopModel.swift */; };
		934905AC2B8E609000E1F5AD /* StopModel.swift in Sources */ = {isa = PBXBuildFile; fileRef = 934905A92B8E609000E1F5AD /* StopModel.swift */; };
		934905AE2B8E61E900E1F5AD /* TripService.swift in Sources */ = {isa = PBXBuildFile; fileRef = 934905AD2B8E61E900E1F5AD /* TripService.swift */; };
		934905AF2B8E61E900E1F5AD /* TripService.swift in Sources */ = {isa = PBXBuildFile; fileRef = 934905AD2B8E61E900E1F5AD /* TripService.swift */; };
		934905B02B8E61E900E1F5AD /* TripService.swift in Sources */ = {isa = PBXBuildFile; fileRef = 934905AD2B8E61E900E1F5AD /* TripService.swift */; };
		934905B22B8E62B500E1F5AD /* Constants.swift in Sources */ = {isa = PBXBuildFile; fileRef = 934905B12B8E62B500E1F5AD /* Constants.swift */; };
		934905B32B8E62B500E1F5AD /* Constants.swift in Sources */ = {isa = PBXBuildFile; fileRef = 934905B12B8E62B500E1F5AD /* Constants.swift */; };
		934905B42B8E62B500E1F5AD /* Constants.swift in Sources */ = {isa = PBXBuildFile; fileRef = 934905B12B8E62B500E1F5AD /* Constants.swift */; };
		934905B62B8E648E00E1F5AD /* MainViewModel.swift in Sources */ = {isa = PBXBuildFile; fileRef = 934905B52B8E648E00E1F5AD /* MainViewModel.swift */; };
		934905B72B8E648E00E1F5AD /* MainViewModel.swift in Sources */ = {isa = PBXBuildFile; fileRef = 934905B52B8E648E00E1F5AD /* MainViewModel.swift */; };
		934905B82B8E648E00E1F5AD /* MainViewModel.swift in Sources */ = {isa = PBXBuildFile; fileRef = 934905B52B8E648E00E1F5AD /* MainViewModel.swift */; };
		934905BA2B8EA35400E1F5AD /* Errors.swift in Sources */ = {isa = PBXBuildFile; fileRef = 934905B92B8EA35400E1F5AD /* Errors.swift */; };
		934905BB2B8EA35400E1F5AD /* Errors.swift in Sources */ = {isa = PBXBuildFile; fileRef = 934905B92B8EA35400E1F5AD /* Errors.swift */; };
		934905BC2B8EA35400E1F5AD /* Errors.swift in Sources */ = {isa = PBXBuildFile; fileRef = 934905B92B8EA35400E1F5AD /* Errors.swift */; };
		934905BE2B8ED28F00E1F5AD /* StopAnnotation.swift in Sources */ = {isa = PBXBuildFile; fileRef = 934905BD2B8ED28F00E1F5AD /* StopAnnotation.swift */; };
		934905BF2B8ED28F00E1F5AD /* StopAnnotation.swift in Sources */ = {isa = PBXBuildFile; fileRef = 934905BD2B8ED28F00E1F5AD /* StopAnnotation.swift */; };
		934905C02B8ED28F00E1F5AD /* StopAnnotation.swift in Sources */ = {isa = PBXBuildFile; fileRef = 934905BD2B8ED28F00E1F5AD /* StopAnnotation.swift */; };
		934905CB2B90A63400E1F5AD /* Polyline in Frameworks */ = {isa = PBXBuildFile; productRef = 934905CA2B90A63400E1F5AD /* Polyline */; };
		934905CD2B90C7C200E1F5AD /* MainView.swift in Sources */ = {isa = PBXBuildFile; fileRef = 934905CC2B90C7C200E1F5AD /* MainView.swift */; };
		934905CE2B90C7C200E1F5AD /* MainView.swift in Sources */ = {isa = PBXBuildFile; fileRef = 934905CC2B90C7C200E1F5AD /* MainView.swift */; };
		934905CF2B90C7C200E1F5AD /* MainView.swift in Sources */ = {isa = PBXBuildFile; fileRef = 934905CC2B90C7C200E1F5AD /* MainView.swift */; };
		934905D52B91B65400E1F5AD /* StopInfo.swift in Sources */ = {isa = PBXBuildFile; fileRef = 934905D42B91B65400E1F5AD /* StopInfo.swift */; };
		934905D62B91B65400E1F5AD /* StopInfo.swift in Sources */ = {isa = PBXBuildFile; fileRef = 934905D42B91B65400E1F5AD /* StopInfo.swift */; };
		934905D72B91B65400E1F5AD /* StopInfo.swift in Sources */ = {isa = PBXBuildFile; fileRef = 934905D42B91B65400E1F5AD /* StopInfo.swift */; };
		934905D92B91FC9A00E1F5AD /* ContactFormView.swift in Sources */ = {isa = PBXBuildFile; fileRef = 934905D82B91FC9A00E1F5AD /* ContactFormView.swift */; };
		934905DA2B91FC9A00E1F5AD /* ContactFormView.swift in Sources */ = {isa = PBXBuildFile; fileRef = 934905D82B91FC9A00E1F5AD /* ContactFormView.swift */; };
		934905DB2B91FC9A00E1F5AD /* ContactFormView.swift in Sources */ = {isa = PBXBuildFile; fileRef = 934905D82B91FC9A00E1F5AD /* ContactFormView.swift */; };
		934905DD2B920E4100E1F5AD /* ContactFormViewModel.swift in Sources */ = {isa = PBXBuildFile; fileRef = 934905DC2B920E4100E1F5AD /* ContactFormViewModel.swift */; };
		934905DE2B920E4100E1F5AD /* ContactFormViewModel.swift in Sources */ = {isa = PBXBuildFile; fileRef = 934905DC2B920E4100E1F5AD /* ContactFormViewModel.swift */; };
		934905DF2B920E4100E1F5AD /* ContactFormViewModel.swift in Sources */ = {isa = PBXBuildFile; fileRef = 934905DC2B920E4100E1F5AD /* ContactFormViewModel.swift */; };
		934905F32B92493B00E1F5AD /* Issue+CoreDataClass.swift in Sources */ = {isa = PBXBuildFile; fileRef = 934905F12B92493B00E1F5AD /* Issue+CoreDataClass.swift */; };
		934905F42B92493B00E1F5AD /* Issue+CoreDataProperties.swift in Sources */ = {isa = PBXBuildFile; fileRef = 934905F22B92493B00E1F5AD /* Issue+CoreDataProperties.swift */; };
		934905F62B924C9B00E1F5AD /* CoreDataManager.swift in Sources */ = {isa = PBXBuildFile; fileRef = 934905F52B924C9B00E1F5AD /* CoreDataManager.swift */; };
		934905FB2B929BBB00E1F5AD /* TripServiceMock.swift in Sources */ = {isa = PBXBuildFile; fileRef = 934905FA2B929BBB00E1F5AD /* TripServiceMock.swift */; };
		934905FC2B92A10B00E1F5AD /* CoreDataManager.swift in Sources */ = {isa = PBXBuildFile; fileRef = 934905F52B924C9B00E1F5AD /* CoreDataManager.swift */; };
		934905FD2B92A10C00E1F5AD /* CoreDataManager.swift in Sources */ = {isa = PBXBuildFile; fileRef = 934905F52B924C9B00E1F5AD /* CoreDataManager.swift */; };
		934905FE2B92A11200E1F5AD /* Issue+CoreDataClass.swift in Sources */ = {isa = PBXBuildFile; fileRef = 934905F12B92493B00E1F5AD /* Issue+CoreDataClass.swift */; };
		934905FF2B92A11200E1F5AD /* Issue+CoreDataClass.swift in Sources */ = {isa = PBXBuildFile; fileRef = 934905F12B92493B00E1F5AD /* Issue+CoreDataClass.swift */; };
		934906002B92A13E00E1F5AD /* Issue+CoreDataProperties.swift in Sources */ = {isa = PBXBuildFile; fileRef = 934905F22B92493B00E1F5AD /* Issue+CoreDataProperties.swift */; };
		934906012B92A13F00E1F5AD /* Issue+CoreDataProperties.swift in Sources */ = {isa = PBXBuildFile; fileRef = 934905F22B92493B00E1F5AD /* Issue+CoreDataProperties.swift */; };
		934906042B92A1F500E1F5AD /* Polyline in Frameworks */ = {isa = PBXBuildFile; productRef = 934906032B92A1F500E1F5AD /* Polyline */; };
		934906062B92A1FE00E1F5AD /* Polyline in Frameworks */ = {isa = PBXBuildFile; productRef = 934906052B92A1FE00E1F5AD /* Polyline */; };
		937667BB2B8DD7EF0018E530 /* ios_mvvm_swiftuiApp.swift in Sources */ = {isa = PBXBuildFile; fileRef = 937667BA2B8DD7EF0018E530 /* ios_mvvm_swiftuiApp.swift */; };
		937667BF2B8DD7F10018E530 /* Assets.xcassets in Resources */ = {isa = PBXBuildFile; fileRef = 937667BE2B8DD7F10018E530 /* Assets.xcassets */; };
		937667C22B8DD7F10018E530 /* Preview Assets.xcassets in Resources */ = {isa = PBXBuildFile; fileRef = 937667C12B8DD7F10018E530 /* Preview Assets.xcassets */; };
		937667C72B8DD7F10018E530 /* ios_mvvm_swiftui.xcdatamodeld in Sources */ = {isa = PBXBuildFile; fileRef = 937667C52B8DD7F10018E530 /* ios_mvvm_swiftui.xcdatamodeld */; };
		937667D12B8DD7F20018E530 /* ios_mvvm_swiftuiTests.swift in Sources */ = {isa = PBXBuildFile; fileRef = 937667D02B8DD7F20018E530 /* ios_mvvm_swiftuiTests.swift */; };
		937667DB2B8DD7F20018E530 /* ios_mvvm_swiftuiUITests.swift in Sources */ = {isa = PBXBuildFile; fileRef = 937667DA2B8DD7F20018E530 /* ios_mvvm_swiftuiUITests.swift */; };
/* End PBXBuildFile section */

/* Begin PBXContainerItemProxy section */
		937667CD2B8DD7F20018E530 /* PBXContainerItemProxy */ = {
			isa = PBXContainerItemProxy;
			containerPortal = 937667AF2B8DD7EE0018E530 /* Project object */;
			proxyType = 1;
			remoteGlobalIDString = 937667B62B8DD7EF0018E530;
			remoteInfo = "ios-mvvm-swiftui";
		};
		937667D72B8DD7F20018E530 /* PBXContainerItemProxy */ = {
			isa = PBXContainerItemProxy;
			containerPortal = 937667AF2B8DD7EE0018E530 /* Project object */;
			proxyType = 1;
			remoteGlobalIDString = 937667B62B8DD7EF0018E530;
			remoteInfo = "ios-mvvm-swiftui";
		};
/* End PBXContainerItemProxy section */

/* Begin PBXFileReference section */
		930DB4402B94CC020077FD55 /* LocationManager.swift */ = {isa = PBXFileReference; lastKnownFileType = sourcecode.swift; path = LocationManager.swift; sourceTree = "<group>"; };
		9312E72E2B92C37000BBFC9B /* FormView.swift */ = {isa = PBXFileReference; lastKnownFileType = sourcecode.swift; path = FormView.swift; sourceTree = "<group>"; };
		9312E7322B92C39A00BBFC9B /* AddIssueView.swift */ = {isa = PBXFileReference; lastKnownFileType = sourcecode.swift; path = AddIssueView.swift; sourceTree = "<group>"; };
		9312E7362B93569800BBFC9B /* LoadingView.swift */ = {isa = PBXFileReference; lastKnownFileType = sourcecode.swift; path = LoadingView.swift; sourceTree = "<group>"; };
		934905982B8E582D00E1F5AD /* MapView.swift */ = {isa = PBXFileReference; lastKnownFileType = sourcecode.swift; path = MapView.swift; sourceTree = "<group>"; };
		9349059D2B8E59CA00E1F5AD /* CardView.swift */ = {isa = PBXFileReference; lastKnownFileType = sourcecode.swift; path = CardView.swift; sourceTree = "<group>"; };
		934905A12B8E5D8D00E1F5AD /* TripModel.swift */ = {isa = PBXFileReference; lastKnownFileType = sourcecode.swift; path = TripModel.swift; sourceTree = "<group>"; };
		934905A52B8E5F9000E1F5AD /* LocationModel.swift */ = {isa = PBXFileReference; lastKnownFileType = sourcecode.swift; path = LocationModel.swift; sourceTree = "<group>"; };
		934905A92B8E609000E1F5AD /* StopModel.swift */ = {isa = PBXFileReference; lastKnownFileType = sourcecode.swift; path = StopModel.swift; sourceTree = "<group>"; };
		934905AD2B8E61E900E1F5AD /* TripService.swift */ = {isa = PBXFileReference; lastKnownFileType = sourcecode.swift; path = TripService.swift; sourceTree = "<group>"; };
		934905B12B8E62B500E1F5AD /* Constants.swift */ = {isa = PBXFileReference; lastKnownFileType = sourcecode.swift; path = Constants.swift; sourceTree = "<group>"; };
		934905B52B8E648E00E1F5AD /* MainViewModel.swift */ = {isa = PBXFileReference; lastKnownFileType = sourcecode.swift; path = MainViewModel.swift; sourceTree = "<group>"; };
		934905B92B8EA35400E1F5AD /* Errors.swift */ = {isa = PBXFileReference; lastKnownFileType = sourcecode.swift; path = Errors.swift; sourceTree = "<group>"; };
		934905BD2B8ED28F00E1F5AD /* StopAnnotation.swift */ = {isa = PBXFileReference; lastKnownFileType = sourcecode.swift; path = StopAnnotation.swift; sourceTree = "<group>"; };
		934905CC2B90C7C200E1F5AD /* MainView.swift */ = {isa = PBXFileReference; lastKnownFileType = sourcecode.swift; path = MainView.swift; sourceTree = "<group>"; };
		934905D42B91B65400E1F5AD /* StopInfo.swift */ = {isa = PBXFileReference; lastKnownFileType = sourcecode.swift; path = StopInfo.swift; sourceTree = "<group>"; };
		934905D82B91FC9A00E1F5AD /* ContactFormView.swift */ = {isa = PBXFileReference; lastKnownFileType = sourcecode.swift; path = ContactFormView.swift; sourceTree = "<group>"; };
		934905DC2B920E4100E1F5AD /* ContactFormViewModel.swift */ = {isa = PBXFileReference; lastKnownFileType = sourcecode.swift; path = ContactFormViewModel.swift; sourceTree = "<group>"; };
		934905F12B92493B00E1F5AD /* Issue+CoreDataClass.swift */ = {isa = PBXFileReference; lastKnownFileType = sourcecode.swift; path = "Issue+CoreDataClass.swift"; sourceTree = "<group>"; };
		934905F22B92493B00E1F5AD /* Issue+CoreDataProperties.swift */ = {isa = PBXFileReference; lastKnownFileType = sourcecode.swift; path = "Issue+CoreDataProperties.swift"; sourceTree = "<group>"; };
		934905F52B924C9B00E1F5AD /* CoreDataManager.swift */ = {isa = PBXFileReference; lastKnownFileType = sourcecode.swift; path = CoreDataManager.swift; sourceTree = "<group>"; };
		934905FA2B929BBB00E1F5AD /* TripServiceMock.swift */ = {isa = PBXFileReference; lastKnownFileType = sourcecode.swift; path = TripServiceMock.swift; sourceTree = "<group>"; };
		937667B72B8DD7EF0018E530 /* ios-mvvm-swiftui.app */ = {isa = PBXFileReference; explicitFileType = wrapper.application; includeInIndex = 0; path = "ios-mvvm-swiftui.app"; sourceTree = BUILT_PRODUCTS_DIR; };
		937667BA2B8DD7EF0018E530 /* ios_mvvm_swiftuiApp.swift */ = {isa = PBXFileReference; lastKnownFileType = sourcecode.swift; path = ios_mvvm_swiftuiApp.swift; sourceTree = "<group>"; };
		937667BE2B8DD7F10018E530 /* Assets.xcassets */ = {isa = PBXFileReference; lastKnownFileType = folder.assetcatalog; path = Assets.xcassets; sourceTree = "<group>"; };
		937667C12B8DD7F10018E530 /* Preview Assets.xcassets */ = {isa = PBXFileReference; lastKnownFileType = folder.assetcatalog; path = "Preview Assets.xcassets"; sourceTree = "<group>"; };
		937667C62B8DD7F10018E530 /* ios_mvvm_swiftui.xcdatamodel */ = {isa = PBXFileReference; lastKnownFileType = wrapper.xcdatamodel; path = ios_mvvm_swiftui.xcdatamodel; sourceTree = "<group>"; };
		937667CC2B8DD7F20018E530 /* ios-mvvm-swiftuiTests.xctest */ = {isa = PBXFileReference; explicitFileType = wrapper.cfbundle; includeInIndex = 0; path = "ios-mvvm-swiftuiTests.xctest"; sourceTree = BUILT_PRODUCTS_DIR; };
		937667D02B8DD7F20018E530 /* ios_mvvm_swiftuiTests.swift */ = {isa = PBXFileReference; lastKnownFileType = sourcecode.swift; path = ios_mvvm_swiftuiTests.swift; sourceTree = "<group>"; };
		937667D62B8DD7F20018E530 /* ios-mvvm-swiftuiUITests.xctest */ = {isa = PBXFileReference; explicitFileType = wrapper.cfbundle; includeInIndex = 0; path = "ios-mvvm-swiftuiUITests.xctest"; sourceTree = BUILT_PRODUCTS_DIR; };
		937667DA2B8DD7F20018E530 /* ios_mvvm_swiftuiUITests.swift */ = {isa = PBXFileReference; lastKnownFileType = sourcecode.swift; path = ios_mvvm_swiftuiUITests.swift; sourceTree = "<group>"; };
/* End PBXFileReference section */

/* Begin PBXFrameworksBuildPhase section */
		937667B42B8DD7EF0018E530 /* Frameworks */ = {
			isa = PBXFrameworksBuildPhase;
			buildActionMask = 2147483647;
			files = (
				934905CB2B90A63400E1F5AD /* Polyline in Frameworks */,
			);
			runOnlyForDeploymentPostprocessing = 0;
		};
		937667C92B8DD7F20018E530 /* Frameworks */ = {
			isa = PBXFrameworksBuildPhase;
			buildActionMask = 2147483647;
			files = (
				934906042B92A1F500E1F5AD /* Polyline in Frameworks */,
			);
			runOnlyForDeploymentPostprocessing = 0;
		};
		937667D32B8DD7F20018E530 /* Frameworks */ = {
			isa = PBXFrameworksBuildPhase;
			buildActionMask = 2147483647;
			files = (
				934906062B92A1FE00E1F5AD /* Polyline in Frameworks */,
				9312E72D2B92C12200BBFC9B /* SnapshotTesting in Frameworks */,
			);
			runOnlyForDeploymentPostprocessing = 0;
		};
/* End PBXFrameworksBuildPhase section */

/* Begin PBXGroup section */
		930DB4442B94CC100077FD55 /* App */ = {
			isa = PBXGroup;
			children = (
				934905B12B8E62B500E1F5AD /* Constants.swift */,
				934905B92B8EA35400E1F5AD /* Errors.swift */,
				930DB4402B94CC020077FD55 /* LocationManager.swift */,
			);
			path = App;
			sourceTree = "<group>";
		};
		9349058A2B8E49A100E1F5AD /* Modules */ = {
			isa = PBXGroup;
			children = (
				937667EA2B8DED220018E530 /* MapModule */,
			);
			path = Modules;
			sourceTree = "<group>";
		};
		9349058B2B8E49B700E1F5AD /* Models */ = {
			isa = PBXGroup;
			children = (
				934905A12B8E5D8D00E1F5AD /* TripModel.swift */,
				934905A52B8E5F9000E1F5AD /* LocationModel.swift */,
				934905A92B8E609000E1F5AD /* StopModel.swift */,
				934905D42B91B65400E1F5AD /* StopInfo.swift */,
			);
			path = Models;
			sourceTree = "<group>";
		};
		9349058C2B8E49BC00E1F5AD /* Views */ = {
			isa = PBXGroup;
			children = (
				934905CC2B90C7C200E1F5AD /* MainView.swift */,
				934905D82B91FC9A00E1F5AD /* ContactFormView.swift */,
			);
			path = Views;
			sourceTree = "<group>";
		};
		9349058D2B8E49C200E1F5AD /* ModelViews */ = {
			isa = PBXGroup;
			children = (
				934905B52B8E648E00E1F5AD /* MainViewModel.swift */,
				934905DC2B920E4100E1F5AD /* ContactFormViewModel.swift */,
			);
			path = ModelViews;
			sourceTree = "<group>";
		};
		9349058F2B8E49EC00E1F5AD /* Services */ = {
			isa = PBXGroup;
			children = (
				934905AD2B8E61E900E1F5AD /* TripService.swift */,
			);
			path = Services;
			sourceTree = "<group>";
		};
		9349059C2B8E59B800E1F5AD /* Components */ = {
			isa = PBXGroup;
			children = (
				934905982B8E582D00E1F5AD /* MapView.swift */,
				9349059D2B8E59CA00E1F5AD /* CardView.swift */,
				934905BD2B8ED28F00E1F5AD /* StopAnnotation.swift */,
				9312E72E2B92C37000BBFC9B /* FormView.swift */,
				9312E7322B92C39A00BBFC9B /* AddIssueView.swift */,
				9312E7362B93569800BBFC9B /* LoadingView.swift */,
			);
			path = Components;
			sourceTree = "<group>";
		};
		934905F02B92473600E1F5AD /* Database */ = {
			isa = PBXGroup;
			children = (
				934905F72B928CE900E1F5AD /* Entities */,
				937667C52B8DD7F10018E530 /* ios_mvvm_swiftui.xcdatamodeld */,
				934905F52B924C9B00E1F5AD /* CoreDataManager.swift */,
			);
			path = Database;
			sourceTree = "<group>";
		};
		934905F72B928CE900E1F5AD /* Entities */ = {
			isa = PBXGroup;
			children = (
				934905F82B928CF000E1F5AD /* Issue */,
			);
			path = Entities;
			sourceTree = "<group>";
		};
		934905F82B928CF000E1F5AD /* Issue */ = {
			isa = PBXGroup;
			children = (
				934905F12B92493B00E1F5AD /* Issue+CoreDataClass.swift */,
				934905F22B92493B00E1F5AD /* Issue+CoreDataProperties.swift */,
			);
			path = Issue;
			sourceTree = "<group>";
		};
		934905F92B929B9100E1F5AD /* MockServices */ = {
			isa = PBXGroup;
			children = (
				934905FA2B929BBB00E1F5AD /* TripServiceMock.swift */,
			);
			path = MockServices;
			sourceTree = "<group>";
		};
		934906022B92A1F500E1F5AD /* Frameworks */ = {
			isa = PBXGroup;
			children = (
			);
			name = Frameworks;
			sourceTree = "<group>";
		};
		937667AE2B8DD7EE0018E530 = {
			isa = PBXGroup;
			children = (
				937667B92B8DD7EF0018E530 /* ios-mvvm-swiftui */,
				937667CF2B8DD7F20018E530 /* ios-mvvm-swiftuiTests */,
				937667D92B8DD7F20018E530 /* ios-mvvm-swiftuiUITests */,
				937667B82B8DD7EF0018E530 /* Products */,
				934906022B92A1F500E1F5AD /* Frameworks */,
			);
			sourceTree = "<group>";
		};
		937667B82B8DD7EF0018E530 /* Products */ = {
			isa = PBXGroup;
			children = (
				937667B72B8DD7EF0018E530 /* ios-mvvm-swiftui.app */,
				937667CC2B8DD7F20018E530 /* ios-mvvm-swiftuiTests.xctest */,
				937667D62B8DD7F20018E530 /* ios-mvvm-swiftuiUITests.xctest */,
			);
			name = Products;
			sourceTree = "<group>";
		};
		937667B92B8DD7EF0018E530 /* ios-mvvm-swiftui */ = {
			isa = PBXGroup;
			children = (
				930DB4442B94CC100077FD55 /* App */,
				937667BA2B8DD7EF0018E530 /* ios_mvvm_swiftuiApp.swift */,
				934905F02B92473600E1F5AD /* Database */,
				9349058A2B8E49A100E1F5AD /* Modules */,
				937667BE2B8DD7F10018E530 /* Assets.xcassets */,
				937667C02B8DD7F10018E530 /* Preview Content */,
			);
			path = "ios-mvvm-swiftui";
			sourceTree = "<group>";
		};
		937667C02B8DD7F10018E530 /* Preview Content */ = {
			isa = PBXGroup;
			children = (
				937667C12B8DD7F10018E530 /* Preview Assets.xcassets */,
			);
			path = "Preview Content";
			sourceTree = "<group>";
		};
		937667CF2B8DD7F20018E530 /* ios-mvvm-swiftuiTests */ = {
			isa = PBXGroup;
			children = (
				934905F92B929B9100E1F5AD /* MockServices */,
				937667D02B8DD7F20018E530 /* ios_mvvm_swiftuiTests.swift */,
			);
			path = "ios-mvvm-swiftuiTests";
			sourceTree = "<group>";
		};
		937667D92B8DD7F20018E530 /* ios-mvvm-swiftuiUITests */ = {
			isa = PBXGroup;
			children = (
				937667DA2B8DD7F20018E530 /* ios_mvvm_swiftuiUITests.swift */,
			);
			path = "ios-mvvm-swiftuiUITests";
			sourceTree = "<group>";
		};
		937667EA2B8DED220018E530 /* MapModule */ = {
			isa = PBXGroup;
			children = (
				9349059C2B8E59B800E1F5AD /* Components */,
				9349058F2B8E49EC00E1F5AD /* Services */,
				9349058D2B8E49C200E1F5AD /* ModelViews */,
				9349058C2B8E49BC00E1F5AD /* Views */,
				9349058B2B8E49B700E1F5AD /* Models */,
			);
			path = MapModule;
			sourceTree = "<group>";
		};
/* End PBXGroup section */

/* Begin PBXNativeTarget section */
		937667B62B8DD7EF0018E530 /* ios-mvvm-swiftui */ = {
			isa = PBXNativeTarget;
			buildConfigurationList = 937667E02B8DD7F20018E530 /* Build configuration list for PBXNativeTarget "ios-mvvm-swiftui" */;
			buildPhases = (
				937667B32B8DD7EF0018E530 /* Sources */,
				937667B42B8DD7EF0018E530 /* Frameworks */,
				937667B52B8DD7EF0018E530 /* Resources */,
			);
			buildRules = (
			);
			dependencies = (
			);
			name = "ios-mvvm-swiftui";
			packageProductDependencies = (
				934905CA2B90A63400E1F5AD /* Polyline */,
			);
			productName = "ios-mvvm-swiftui";
			productReference = 937667B72B8DD7EF0018E530 /* ios-mvvm-swiftui.app */;
			productType = "com.apple.product-type.application";
		};
		937667CB2B8DD7F20018E530 /* ios-mvvm-swiftuiTests */ = {
			isa = PBXNativeTarget;
			buildConfigurationList = 937667E32B8DD7F20018E530 /* Build configuration list for PBXNativeTarget "ios-mvvm-swiftuiTests" */;
			buildPhases = (
				937667C82B8DD7F20018E530 /* Sources */,
				937667C92B8DD7F20018E530 /* Frameworks */,
				937667CA2B8DD7F20018E530 /* Resources */,
			);
			buildRules = (
			);
			dependencies = (
				937667CE2B8DD7F20018E530 /* PBXTargetDependency */,
			);
			name = "ios-mvvm-swiftuiTests";
			packageProductDependencies = (
				934906032B92A1F500E1F5AD /* Polyline */,
			);
			productName = "ios-mvvm-swiftuiTests";
			productReference = 937667CC2B8DD7F20018E530 /* ios-mvvm-swiftuiTests.xctest */;
			productType = "com.apple.product-type.bundle.unit-test";
		};
		937667D52B8DD7F20018E530 /* ios-mvvm-swiftuiUITests */ = {
			isa = PBXNativeTarget;
			buildConfigurationList = 937667E62B8DD7F20018E530 /* Build configuration list for PBXNativeTarget "ios-mvvm-swiftuiUITests" */;
			buildPhases = (
				937667D22B8DD7F20018E530 /* Sources */,
				937667D32B8DD7F20018E530 /* Frameworks */,
				937667D42B8DD7F20018E530 /* Resources */,
			);
			buildRules = (
			);
			dependencies = (
				937667D82B8DD7F20018E530 /* PBXTargetDependency */,
			);
			name = "ios-mvvm-swiftuiUITests";
			packageProductDependencies = (
				934906052B92A1FE00E1F5AD /* Polyline */,
				9312E72C2B92C12200BBFC9B /* SnapshotTesting */,
			);
			productName = "ios-mvvm-swiftuiUITests";
			productReference = 937667D62B8DD7F20018E530 /* ios-mvvm-swiftuiUITests.xctest */;
			productType = "com.apple.product-type.bundle.ui-testing";
		};
/* End PBXNativeTarget section */

/* Begin PBXProject section */
		937667AF2B8DD7EE0018E530 /* Project object */ = {
			isa = PBXProject;
			attributes = {
				BuildIndependentTargetsInParallel = 1;
				LastSwiftUpdateCheck = 1430;
				LastUpgradeCheck = 1430;
				TargetAttributes = {
					937667B62B8DD7EF0018E530 = {
						CreatedOnToolsVersion = 14.3;
					};
					937667CB2B8DD7F20018E530 = {
						CreatedOnToolsVersion = 14.3;
						TestTargetID = 937667B62B8DD7EF0018E530;
					};
					937667D52B8DD7F20018E530 = {
						CreatedOnToolsVersion = 14.3;
						TestTargetID = 937667B62B8DD7EF0018E530;
					};
				};
			};
			buildConfigurationList = 937667B22B8DD7EE0018E530 /* Build configuration list for PBXProject "ios-mvvm-swiftui" */;
			compatibilityVersion = "Xcode 14.0";
			developmentRegion = en;
			hasScannedForEncodings = 0;
			knownRegions = (
				en,
				Base,
			);
			mainGroup = 937667AE2B8DD7EE0018E530;
			packageReferences = (
				934905C92B90A63400E1F5AD /* XCRemoteSwiftPackageReference "Polyline" */,
				9312E7272B92C10800BBFC9B /* XCRemoteSwiftPackageReference "swift-snapshot-testing" */,
			);
			productRefGroup = 937667B82B8DD7EF0018E530 /* Products */;
			projectDirPath = "";
			projectRoot = "";
			targets = (
				937667B62B8DD7EF0018E530 /* ios-mvvm-swiftui */,
				937667CB2B8DD7F20018E530 /* ios-mvvm-swiftuiTests */,
				937667D52B8DD7F20018E530 /* ios-mvvm-swiftuiUITests */,
			);
		};
/* End PBXProject section */

/* Begin PBXResourcesBuildPhase section */
		937667B52B8DD7EF0018E530 /* Resources */ = {
			isa = PBXResourcesBuildPhase;
			buildActionMask = 2147483647;
			files = (
				937667C22B8DD7F10018E530 /* Preview Assets.xcassets in Resources */,
				937667BF2B8DD7F10018E530 /* Assets.xcassets in Resources */,
			);
			runOnlyForDeploymentPostprocessing = 0;
		};
		937667CA2B8DD7F20018E530 /* Resources */ = {
			isa = PBXResourcesBuildPhase;
			buildActionMask = 2147483647;
			files = (
			);
			runOnlyForDeploymentPostprocessing = 0;
		};
		937667D42B8DD7F20018E530 /* Resources */ = {
			isa = PBXResourcesBuildPhase;
			buildActionMask = 2147483647;
			files = (
			);
			runOnlyForDeploymentPostprocessing = 0;
		};
/* End PBXResourcesBuildPhase section */

/* Begin PBXSourcesBuildPhase section */
		937667B32B8DD7EF0018E530 /* Sources */ = {
			isa = PBXSourcesBuildPhase;
			buildActionMask = 2147483647;
			files = (
				934905A62B8E5F9000E1F5AD /* LocationModel.swift in Sources */,
				934905F42B92493B00E1F5AD /* Issue+CoreDataProperties.swift in Sources */,
				934905B22B8E62B500E1F5AD /* Constants.swift in Sources */,
				9312E7372B93569800BBFC9B /* LoadingView.swift in Sources */,
				934905AA2B8E609000E1F5AD /* StopModel.swift in Sources */,
				934905AE2B8E61E900E1F5AD /* TripService.swift in Sources */,
				934905992B8E582D00E1F5AD /* MapView.swift in Sources */,
				930DB4412B94CC020077FD55 /* LocationManager.swift in Sources */,
				934905BA2B8EA35400E1F5AD /* Errors.swift in Sources */,
				934905BE2B8ED28F00E1F5AD /* StopAnnotation.swift in Sources */,
				934905A22B8E5D8D00E1F5AD /* TripModel.swift in Sources */,
				937667BB2B8DD7EF0018E530 /* ios_mvvm_swiftuiApp.swift in Sources */,
				934905F62B924C9B00E1F5AD /* CoreDataManager.swift in Sources */,
				934905D52B91B65400E1F5AD /* StopInfo.swift in Sources */,
				9312E72F2B92C37000BBFC9B /* FormView.swift in Sources */,
				934905DD2B920E4100E1F5AD /* ContactFormViewModel.swift in Sources */,
				934905CD2B90C7C200E1F5AD /* MainView.swift in Sources */,
				9349059E2B8E59CA00E1F5AD /* CardView.swift in Sources */,
				9312E7332B92C39A00BBFC9B /* AddIssueView.swift in Sources */,
				937667C72B8DD7F10018E530 /* ios_mvvm_swiftui.xcdatamodeld in Sources */,
				934905D92B91FC9A00E1F5AD /* ContactFormView.swift in Sources */,
				934905B62B8E648E00E1F5AD /* MainViewModel.swift in Sources */,
				934905F32B92493B00E1F5AD /* Issue+CoreDataClass.swift in Sources */,
			);
			runOnlyForDeploymentPostprocessing = 0;
		};
		937667C82B8DD7F20018E530 /* Sources */ = {
			isa = PBXSourcesBuildPhase;
			buildActionMask = 2147483647;
			files = (
				934905DE2B920E4100E1F5AD /* ContactFormViewModel.swift in Sources */,
				934905FE2B92A11200E1F5AD /* Issue+CoreDataClass.swift in Sources */,
				937667D12B8DD7F20018E530 /* ios_mvvm_swiftuiTests.swift in Sources */,
				9312E7382B93569800BBFC9B /* LoadingView.swift in Sources */,
				934905AB2B8E609000E1F5AD /* StopModel.swift in Sources */,
				934905DA2B91FC9A00E1F5AD /* ContactFormView.swift in Sources */,
				934905FC2B92A10B00E1F5AD /* CoreDataManager.swift in Sources */,
				930DB4422B94CC020077FD55 /* LocationManager.swift in Sources */,
				934905D62B91B65400E1F5AD /* StopInfo.swift in Sources */,
				934905CE2B90C7C200E1F5AD /* MainView.swift in Sources */,
				934905BF2B8ED28F00E1F5AD /* StopAnnotation.swift in Sources */,
				934906002B92A13E00E1F5AD /* Issue+CoreDataProperties.swift in Sources */,
				9349059F2B8E59CA00E1F5AD /* CardView.swift in Sources */,
				934905A32B8E5D8D00E1F5AD /* TripModel.swift in Sources */,
				9312E7302B92C37000BBFC9B /* FormView.swift in Sources */,
				934905A72B8E5F9000E1F5AD /* LocationModel.swift in Sources */,
				934905FB2B929BBB00E1F5AD /* TripServiceMock.swift in Sources */,
				9349059A2B8E582D00E1F5AD /* MapView.swift in Sources */,
				9312E7342B92C39A00BBFC9B /* AddIssueView.swift in Sources */,
				934905BB2B8EA35400E1F5AD /* Errors.swift in Sources */,
				934905AF2B8E61E900E1F5AD /* TripService.swift in Sources */,
				934905B32B8E62B500E1F5AD /* Constants.swift in Sources */,
				934905B72B8E648E00E1F5AD /* MainViewModel.swift in Sources */,
			);
			runOnlyForDeploymentPostprocessing = 0;
		};
		937667D22B8DD7F20018E530 /* Sources */ = {
			isa = PBXSourcesBuildPhase;
			buildActionMask = 2147483647;
			files = (
				934905FF2B92A11200E1F5AD /* Issue+CoreDataClass.swift in Sources */,
				934905B82B8E648E00E1F5AD /* MainViewModel.swift in Sources */,
				9349059B2B8E582D00E1F5AD /* MapView.swift in Sources */,
				934905D72B91B65400E1F5AD /* StopInfo.swift in Sources */,
				934905FD2B92A10C00E1F5AD /* CoreDataManager.swift in Sources */,
				9312E7392B93569800BBFC9B /* LoadingView.swift in Sources */,
				9312E7352B92C39A00BBFC9B /* AddIssueView.swift in Sources */,
				934905A02B8E59CA00E1F5AD /* CardView.swift in Sources */,
				934905A42B8E5D8D00E1F5AD /* TripModel.swift in Sources */,
				934905B02B8E61E900E1F5AD /* TripService.swift in Sources */,
				934906012B92A13F00E1F5AD /* Issue+CoreDataProperties.swift in Sources */,
				934905A82B8E5F9000E1F5AD /* LocationModel.swift in Sources */,
				934905BC2B8EA35400E1F5AD /* Errors.swift in Sources */,
				934905C02B8ED28F00E1F5AD /* StopAnnotation.swift in Sources */,
				930DB4432B94CC020077FD55 /* LocationManager.swift in Sources */,
				937667DB2B8DD7F20018E530 /* ios_mvvm_swiftuiUITests.swift in Sources */,
				934905CF2B90C7C200E1F5AD /* MainView.swift in Sources */,
				934905DB2B91FC9A00E1F5AD /* ContactFormView.swift in Sources */,
				934905AC2B8E609000E1F5AD /* StopModel.swift in Sources */,
				934905DF2B920E4100E1F5AD /* ContactFormViewModel.swift in Sources */,
				9312E7312B92C37000BBFC9B /* FormView.swift in Sources */,
				934905B42B8E62B500E1F5AD /* Constants.swift in Sources */,
			);
			runOnlyForDeploymentPostprocessing = 0;
		};
/* End PBXSourcesBuildPhase section */

/* Begin PBXTargetDependency section */
		937667CE2B8DD7F20018E530 /* PBXTargetDependency */ = {
			isa = PBXTargetDependency;
			target = 937667B62B8DD7EF0018E530 /* ios-mvvm-swiftui */;
			targetProxy = 937667CD2B8DD7F20018E530 /* PBXContainerItemProxy */;
		};
		937667D82B8DD7F20018E530 /* PBXTargetDependency */ = {
			isa = PBXTargetDependency;
			target = 937667B62B8DD7EF0018E530 /* ios-mvvm-swiftui */;
			targetProxy = 937667D72B8DD7F20018E530 /* PBXContainerItemProxy */;
		};
/* End PBXTargetDependency section */

/* Begin XCBuildConfiguration section */
		937667DE2B8DD7F20018E530 /* Debug */ = {
			isa = XCBuildConfiguration;
			buildSettings = {
				ALWAYS_SEARCH_USER_PATHS = NO;
				CLANG_ANALYZER_NONNULL = YES;
				CLANG_ANALYZER_NUMBER_OBJECT_CONVERSION = YES_AGGRESSIVE;
				CLANG_CXX_LANGUAGE_STANDARD = "gnu++20";
				CLANG_ENABLE_MODULES = YES;
				CLANG_ENABLE_OBJC_ARC = YES;
				CLANG_ENABLE_OBJC_WEAK = YES;
				CLANG_WARN_BLOCK_CAPTURE_AUTORELEASING = YES;
				CLANG_WARN_BOOL_CONVERSION = YES;
				CLANG_WARN_COMMA = YES;
				CLANG_WARN_CONSTANT_CONVERSION = YES;
				CLANG_WARN_DEPRECATED_OBJC_IMPLEMENTATIONS = YES;
				CLANG_WARN_DIRECT_OBJC_ISA_USAGE = YES_ERROR;
				CLANG_WARN_DOCUMENTATION_COMMENTS = YES;
				CLANG_WARN_EMPTY_BODY = YES;
				CLANG_WARN_ENUM_CONVERSION = YES;
				CLANG_WARN_INFINITE_RECURSION = YES;
				CLANG_WARN_INT_CONVERSION = YES;
				CLANG_WARN_NON_LITERAL_NULL_CONVERSION = YES;
				CLANG_WARN_OBJC_IMPLICIT_RETAIN_SELF = YES;
				CLANG_WARN_OBJC_LITERAL_CONVERSION = YES;
				CLANG_WARN_OBJC_ROOT_CLASS = YES_ERROR;
				CLANG_WARN_QUOTED_INCLUDE_IN_FRAMEWORK_HEADER = YES;
				CLANG_WARN_RANGE_LOOP_ANALYSIS = YES;
				CLANG_WARN_STRICT_PROTOTYPES = YES;
				CLANG_WARN_SUSPICIOUS_MOVE = YES;
				CLANG_WARN_UNGUARDED_AVAILABILITY = YES_AGGRESSIVE;
				CLANG_WARN_UNREACHABLE_CODE = YES;
				CLANG_WARN__DUPLICATE_METHOD_MATCH = YES;
				COPY_PHASE_STRIP = NO;
				DEBUG_INFORMATION_FORMAT = dwarf;
				ENABLE_STRICT_OBJC_MSGSEND = YES;
				ENABLE_TESTABILITY = YES;
				GCC_C_LANGUAGE_STANDARD = gnu11;
				GCC_DYNAMIC_NO_PIC = NO;
				GCC_NO_COMMON_BLOCKS = YES;
				GCC_OPTIMIZATION_LEVEL = 0;
				GCC_PREPROCESSOR_DEFINITIONS = (
					"DEBUG=1",
					"$(inherited)",
				);
				GCC_WARN_64_TO_32_BIT_CONVERSION = YES;
				GCC_WARN_ABOUT_RETURN_TYPE = YES_ERROR;
				GCC_WARN_UNDECLARED_SELECTOR = YES;
				GCC_WARN_UNINITIALIZED_AUTOS = YES_AGGRESSIVE;
				GCC_WARN_UNUSED_FUNCTION = YES;
				GCC_WARN_UNUSED_VARIABLE = YES;
				IPHONEOS_DEPLOYMENT_TARGET = 16.4;
				MTL_ENABLE_DEBUG_INFO = INCLUDE_SOURCE;
				MTL_FAST_MATH = YES;
				ONLY_ACTIVE_ARCH = YES;
				SDKROOT = iphoneos;
				SWIFT_ACTIVE_COMPILATION_CONDITIONS = DEBUG;
				SWIFT_OPTIMIZATION_LEVEL = "-Onone";
			};
			name = Debug;
		};
		937667DF2B8DD7F20018E530 /* Release */ = {
			isa = XCBuildConfiguration;
			buildSettings = {
				ALWAYS_SEARCH_USER_PATHS = NO;
				CLANG_ANALYZER_NONNULL = YES;
				CLANG_ANALYZER_NUMBER_OBJECT_CONVERSION = YES_AGGRESSIVE;
				CLANG_CXX_LANGUAGE_STANDARD = "gnu++20";
				CLANG_ENABLE_MODULES = YES;
				CLANG_ENABLE_OBJC_ARC = YES;
				CLANG_ENABLE_OBJC_WEAK = YES;
				CLANG_WARN_BLOCK_CAPTURE_AUTORELEASING = YES;
				CLANG_WARN_BOOL_CONVERSION = YES;
				CLANG_WARN_COMMA = YES;
				CLANG_WARN_CONSTANT_CONVERSION = YES;
				CLANG_WARN_DEPRECATED_OBJC_IMPLEMENTATIONS = YES;
				CLANG_WARN_DIRECT_OBJC_ISA_USAGE = YES_ERROR;
				CLANG_WARN_DOCUMENTATION_COMMENTS = YES;
				CLANG_WARN_EMPTY_BODY = YES;
				CLANG_WARN_ENUM_CONVERSION = YES;
				CLANG_WARN_INFINITE_RECURSION = YES;
				CLANG_WARN_INT_CONVERSION = YES;
				CLANG_WARN_NON_LITERAL_NULL_CONVERSION = YES;
				CLANG_WARN_OBJC_IMPLICIT_RETAIN_SELF = YES;
				CLANG_WARN_OBJC_LITERAL_CONVERSION = YES;
				CLANG_WARN_OBJC_ROOT_CLASS = YES_ERROR;
				CLANG_WARN_QUOTED_INCLUDE_IN_FRAMEWORK_HEADER = YES;
				CLANG_WARN_RANGE_LOOP_ANALYSIS = YES;
				CLANG_WARN_STRICT_PROTOTYPES = YES;
				CLANG_WARN_SUSPICIOUS_MOVE = YES;
				CLANG_WARN_UNGUARDED_AVAILABILITY = YES_AGGRESSIVE;
				CLANG_WARN_UNREACHABLE_CODE = YES;
				CLANG_WARN__DUPLICATE_METHOD_MATCH = YES;
				COPY_PHASE_STRIP = NO;
				DEBUG_INFORMATION_FORMAT = "dwarf-with-dsym";
				ENABLE_NS_ASSERTIONS = NO;
				ENABLE_STRICT_OBJC_MSGSEND = YES;
				GCC_C_LANGUAGE_STANDARD = gnu11;
				GCC_NO_COMMON_BLOCKS = YES;
				GCC_WARN_64_TO_32_BIT_CONVERSION = YES;
				GCC_WARN_ABOUT_RETURN_TYPE = YES_ERROR;
				GCC_WARN_UNDECLARED_SELECTOR = YES;
				GCC_WARN_UNINITIALIZED_AUTOS = YES_AGGRESSIVE;
				GCC_WARN_UNUSED_FUNCTION = YES;
				GCC_WARN_UNUSED_VARIABLE = YES;
				IPHONEOS_DEPLOYMENT_TARGET = 16.4;
				MTL_ENABLE_DEBUG_INFO = NO;
				MTL_FAST_MATH = YES;
				SDKROOT = iphoneos;
				SWIFT_COMPILATION_MODE = wholemodule;
				SWIFT_OPTIMIZATION_LEVEL = "-O";
				VALIDATE_PRODUCT = YES;
			};
			name = Release;
		};
		937667E12B8DD7F20018E530 /* Debug */ = {
			isa = XCBuildConfiguration;
			buildSettings = {
				ASSETCATALOG_COMPILER_APPICON_NAME = AppIcon;
				ASSETCATALOG_COMPILER_GLOBAL_ACCENT_COLOR_NAME = AccentColor;
				CODE_SIGN_STYLE = Automatic;
				CURRENT_PROJECT_VERSION = 1;
				DEVELOPMENT_ASSET_PATHS = "\"ios-mvvm-swiftui/Preview Content\"";
				ENABLE_PREVIEWS = YES;
				ENABLE_TESTING_SEARCH_PATHS = YES;
				GENERATE_INFOPLIST_FILE = YES;
				INFOPLIST_KEY_NSLocationWhenInUseUsageDescription = "Do you want to share your location?";
				INFOPLIST_KEY_UIApplicationSceneManifest_Generation = YES;
				INFOPLIST_KEY_UIApplicationSupportsIndirectInputEvents = YES;
				INFOPLIST_KEY_UILaunchScreen_Generation = YES;
				INFOPLIST_KEY_UISupportedInterfaceOrientations = UIInterfaceOrientationPortrait;
				INFOPLIST_KEY_UISupportedInterfaceOrientations_iPad = "UIInterfaceOrientationPortrait UIInterfaceOrientationPortraitUpsideDown";
				LD_RUNPATH_SEARCH_PATHS = (
					"$(inherited)",
					"@executable_path/Frameworks",
				);
				MACOSX_DEPLOYMENT_TARGET = 13.3;
				MARKETING_VERSION = 1.0;
				PRODUCT_BUNDLE_IDENTIFIER = "antmorzam.ios-mvvm-swiftui";
				PRODUCT_NAME = "$(TARGET_NAME)";
				SWIFT_EMIT_LOC_STRINGS = YES;
				SWIFT_VERSION = 5.0;
				TARGETED_DEVICE_FAMILY = "1,2";
			};
			name = Debug;
		};
		937667E22B8DD7F20018E530 /* Release */ = {
			isa = XCBuildConfiguration;
			buildSettings = {
				ASSETCATALOG_COMPILER_APPICON_NAME = AppIcon;
				ASSETCATALOG_COMPILER_GLOBAL_ACCENT_COLOR_NAME = AccentColor;
				CODE_SIGN_STYLE = Automatic;
				CURRENT_PROJECT_VERSION = 1;
				DEVELOPMENT_ASSET_PATHS = "\"ios-mvvm-swiftui/Preview Content\"";
				ENABLE_PREVIEWS = YES;
				ENABLE_TESTING_SEARCH_PATHS = YES;
				GENERATE_INFOPLIST_FILE = YES;
				INFOPLIST_KEY_NSLocationWhenInUseUsageDescription = "Do you want to share your location?";
				INFOPLIST_KEY_UIApplicationSceneManifest_Generation = YES;
				INFOPLIST_KEY_UIApplicationSupportsIndirectInputEvents = YES;
				INFOPLIST_KEY_UILaunchScreen_Generation = YES;
				INFOPLIST_KEY_UISupportedInterfaceOrientations = UIInterfaceOrientationPortrait;
				INFOPLIST_KEY_UISupportedInterfaceOrientations_iPad = "UIInterfaceOrientationPortrait UIInterfaceOrientationPortraitUpsideDown";
				LD_RUNPATH_SEARCH_PATHS = (
					"$(inherited)",
					"@executable_path/Frameworks",
				);
				MACOSX_DEPLOYMENT_TARGET = 13.3;
				MARKETING_VERSION = 1.0;
				PRODUCT_BUNDLE_IDENTIFIER = "antmorzam.ios-mvvm-swiftui";
				PRODUCT_NAME = "$(TARGET_NAME)";
				SWIFT_EMIT_LOC_STRINGS = YES;
				SWIFT_VERSION = 5.0;
				TARGETED_DEVICE_FAMILY = "1,2";
			};
			name = Release;
		};
		937667E42B8DD7F20018E530 /* Debug */ = {
			isa = XCBuildConfiguration;
			buildSettings = {
				ALWAYS_EMBED_SWIFT_STANDARD_LIBRARIES = YES;
				BUNDLE_LOADER = "$(TEST_HOST)";
				CODE_SIGN_STYLE = Automatic;
				CURRENT_PROJECT_VERSION = 1;
				GENERATE_INFOPLIST_FILE = YES;
				IPHONEOS_DEPLOYMENT_TARGET = 16.4;
				MACOSX_DEPLOYMENT_TARGET = 13.3;
				MARKETING_VERSION = 1.0;
				PRODUCT_BUNDLE_IDENTIFIER = "antmorzam.ios-mvvm-swiftuiTests";
				PRODUCT_NAME = "$(TARGET_NAME)";
				SWIFT_EMIT_LOC_STRINGS = NO;
				SWIFT_VERSION = 5.0;
				TARGETED_DEVICE_FAMILY = "1,2";
				TEST_HOST = "$(BUILT_PRODUCTS_DIR)/ios-mvvm-swiftui.app/$(BUNDLE_EXECUTABLE_FOLDER_PATH)/ios-mvvm-swiftui";
			};
			name = Debug;
		};
		937667E52B8DD7F20018E530 /* Release */ = {
			isa = XCBuildConfiguration;
			buildSettings = {
				ALWAYS_EMBED_SWIFT_STANDARD_LIBRARIES = YES;
				BUNDLE_LOADER = "$(TEST_HOST)";
				CODE_SIGN_STYLE = Automatic;
				CURRENT_PROJECT_VERSION = 1;
				GENERATE_INFOPLIST_FILE = YES;
				IPHONEOS_DEPLOYMENT_TARGET = 16.4;
				MACOSX_DEPLOYMENT_TARGET = 13.3;
				MARKETING_VERSION = 1.0;
				PRODUCT_BUNDLE_IDENTIFIER = "antmorzam.ios-mvvm-swiftuiTests";
				PRODUCT_NAME = "$(TARGET_NAME)";
				SWIFT_EMIT_LOC_STRINGS = NO;
				SWIFT_VERSION = 5.0;
				TARGETED_DEVICE_FAMILY = "1,2";
				TEST_HOST = "$(BUILT_PRODUCTS_DIR)/ios-mvvm-swiftui.app/$(BUNDLE_EXECUTABLE_FOLDER_PATH)/ios-mvvm-swiftui";
			};
			name = Release;
		};
		937667E72B8DD7F20018E530 /* Debug */ = {
			isa = XCBuildConfiguration;
			buildSettings = {
				ALWAYS_EMBED_SWIFT_STANDARD_LIBRARIES = YES;
				CODE_SIGN_STYLE = Automatic;
				CURRENT_PROJECT_VERSION = 1;
				GENERATE_INFOPLIST_FILE = YES;
				MACOSX_DEPLOYMENT_TARGET = 13.3;
				MARKETING_VERSION = 1.0;
				PRODUCT_BUNDLE_IDENTIFIER = "antmorzam.ios-mvvm-swiftuiUITests";
				PRODUCT_NAME = "$(TARGET_NAME)";
				SWIFT_EMIT_LOC_STRINGS = NO;
				SWIFT_VERSION = 5.0;
				TARGETED_DEVICE_FAMILY = "1,2";
				TEST_TARGET_NAME = "ios-mvvm-swiftui";
			};
			name = Debug;
		};
		937667E82B8DD7F20018E530 /* Release */ = {
			isa = XCBuildConfiguration;
			buildSettings = {
				ALWAYS_EMBED_SWIFT_STANDARD_LIBRARIES = YES;
				CODE_SIGN_STYLE = Automatic;
				CURRENT_PROJECT_VERSION = 1;
				GENERATE_INFOPLIST_FILE = YES;
				MACOSX_DEPLOYMENT_TARGET = 13.3;
				MARKETING_VERSION = 1.0;
				PRODUCT_BUNDLE_IDENTIFIER = "antmorzam.ios-mvvm-swiftuiUITests";
				PRODUCT_NAME = "$(TARGET_NAME)";
				SWIFT_EMIT_LOC_STRINGS = NO;
				SWIFT_VERSION = 5.0;
				TARGETED_DEVICE_FAMILY = "1,2";
				TEST_TARGET_NAME = "ios-mvvm-swiftui";
			};
			name = Release;
		};
/* End XCBuildConfiguration section */

/* Begin XCConfigurationList section */
		937667B22B8DD7EE0018E530 /* Build configuration list for PBXProject "ios-mvvm-swiftui" */ = {
			isa = XCConfigurationList;
			buildConfigurations = (
				937667DE2B8DD7F20018E530 /* Debug */,
				937667DF2B8DD7F20018E530 /* Release */,
			);
			defaultConfigurationIsVisible = 0;
			defaultConfigurationName = Release;
		};
		937667E02B8DD7F20018E530 /* Build configuration list for PBXNativeTarget "ios-mvvm-swiftui" */ = {
			isa = XCConfigurationList;
			buildConfigurations = (
				937667E12B8DD7F20018E530 /* Debug */,
				937667E22B8DD7F20018E530 /* Release */,
			);
			defaultConfigurationIsVisible = 0;
			defaultConfigurationName = Release;
		};
		937667E32B8DD7F20018E530 /* Build configuration list for PBXNativeTarget "ios-mvvm-swiftuiTests" */ = {
			isa = XCConfigurationList;
			buildConfigurations = (
				937667E42B8DD7F20018E530 /* Debug */,
				937667E52B8DD7F20018E530 /* Release */,
			);
			defaultConfigurationIsVisible = 0;
			defaultConfigurationName = Release;
		};
		937667E62B8DD7F20018E530 /* Build configuration list for PBXNativeTarget "ios-mvvm-swiftuiUITests" */ = {
			isa = XCConfigurationList;
			buildConfigurations = (
				937667E72B8DD7F20018E530 /* Debug */,
				937667E82B8DD7F20018E530 /* Release */,
			);
			defaultConfigurationIsVisible = 0;
			defaultConfigurationName = Release;
		};
/* End XCConfigurationList section */

/* Begin XCRemoteSwiftPackageReference section */
		9312E7272B92C10800BBFC9B /* XCRemoteSwiftPackageReference "swift-snapshot-testing" */ = {
			isa = XCRemoteSwiftPackageReference;
			repositoryURL = "https://github.com/pointfreeco/swift-snapshot-testing";
			requirement = {
				kind = upToNextMajorVersion;
				minimumVersion = 1.0.0;
			};
		};
		934905C92B90A63400E1F5AD /* XCRemoteSwiftPackageReference "Polyline" */ = {
			isa = XCRemoteSwiftPackageReference;
			repositoryURL = "https://github.com/raphaelmor/Polyline.git";
			requirement = {
				branch = master;
				kind = branch;
			};
		};
/* End XCRemoteSwiftPackageReference section */

/* Begin XCSwiftPackageProductDependency section */
		9312E72C2B92C12200BBFC9B /* SnapshotTesting */ = {
			isa = XCSwiftPackageProductDependency;
			package = 9312E7272B92C10800BBFC9B /* XCRemoteSwiftPackageReference "swift-snapshot-testing" */;
			productName = SnapshotTesting;
		};
		934905CA2B90A63400E1F5AD /* Polyline */ = {
			isa = XCSwiftPackageProductDependency;
			package = 934905C92B90A63400E1F5AD /* XCRemoteSwiftPackageReference "Polyline" */;
			productName = Polyline;
		};
		934906032B92A1F500E1F5AD /* Polyline */ = {
			isa = XCSwiftPackageProductDependency;
			package = 934905C92B90A63400E1F5AD /* XCRemoteSwiftPackageReference "Polyline" */;
			productName = Polyline;
		};
		934906052B92A1FE00E1F5AD /* Polyline */ = {
			isa = XCSwiftPackageProductDependency;
			package = 934905C92B90A63400E1F5AD /* XCRemoteSwiftPackageReference "Polyline" */;
			productName = Polyline;
		};
/* End XCSwiftPackageProductDependency section */

/* Begin XCVersionGroup section */
		937667C52B8DD7F10018E530 /* ios_mvvm_swiftui.xcdatamodeld */ = {
			isa = XCVersionGroup;
			children = (
				937667C62B8DD7F10018E530 /* ios_mvvm_swiftui.xcdatamodel */,
			);
			currentVersion = 937667C62B8DD7F10018E530 /* ios_mvvm_swiftui.xcdatamodel */;
			path = ios_mvvm_swiftui.xcdatamodeld;
			sourceTree = "<group>";
			versionGroupType = wrapper.xcdatamodel;
		};
/* End XCVersionGroup section */
	};
	rootObject = 937667AF2B8DD7EE0018E530 /* Project object */;
}
